
Microsoft Visual Studio Solution File, Format Version 12.00
# Visual Studio Version 17
VisualStudioVersion = 17.3.32922.545
MinimumVisualStudioVersion = 10.0.40219.1
Project("{9A19103F-16F7-4668-BE54-9A1E7A4F7556}") = "WebApi", "WebApi\WebApi.csproj", "{A5CF0FE2-BE46-4792-A536-D5C30ED01D86}"
EndProject
Project("{FAE04EC0-301F-11D3-BF4B-00C04F79EFBC}") = "Entities", "Entities\Entities.csproj", "{2840D434-CB10-49E0-A93D-DF2362F467E1}"
EndProject
Project("{FAE04EC0-301F-11D3-BF4B-00C04F79EFBC}") = "Repositories", "Repositories\Repositories.csproj", "{CEE1D41D-FC77-4574-BE4D-1038C21A75AD}"
EndProject
Global
	GlobalSection(SolutionConfigurationPlatforms) = preSolution
		Debug|Any CPU = Debug|Any CPU
		Release|Any CPU = Release|Any CPU
	EndGlobalSection
	GlobalSection(ProjectConfigurationPlatforms) = postSolution
		{A5CF0FE2-BE46-4792-A536-D5C30ED01D86}.Debug|Any CPU.ActiveCfg = Debug|Any CPU
		{A5CF0FE2-BE46-4792-A536-D5C30ED01D86}.Debug|Any CPU.Build.0 = Debug|Any CPU
		{A5CF0FE2-BE46-4792-A536-D5C30ED01D86}.Release|Any CPU.ActiveCfg = Release|Any CPU
		{A5CF0FE2-BE46-4792-A536-D5C30ED01D86}.Release|Any CPU.Build.0 = Release|Any CPU
		{2840D434-CB10-49E0-A93D-DF2362F467E1}.Debug|Any CPU.ActiveCfg = Debug|Any CPU
		{2840D434-CB10-49E0-A93D-DF2362F467E1}.Debug|Any CPU.Build.0 = Debug|Any CPU
		{2840D434-CB10-49E0-A93D-DF2362F467E1}.Release|Any CPU.ActiveCfg = Release|Any CPU
		{2840D434-CB10-49E0-A93D-DF2362F467E1}.Release|Any CPU.Build.0 = Release|Any CPU
		{CEE1D41D-FC77-4574-BE4D-1038C21A75AD}.Debug|Any CPU.ActiveCfg = Debug|Any CPU
		{CEE1D41D-FC77-4574-BE4D-1038C21A75AD}.Debug|Any CPU.Build.0 = Debug|Any CPU
		{CEE1D41D-FC77-4574-BE4D-1038C21A75AD}.Release|Any CPU.ActiveCfg = Release|Any CPU
		{CEE1D41D-FC77-4574-BE4D-1038C21A75AD}.Release|Any CPU.Build.0 = Release|Any CPU
	EndGlobalSection
	GlobalSection(SolutionProperties) = preSolution
		HideSolutionNode = FALSE
	EndGlobalSection
	GlobalSection(ExtensibilityGlobals) = postSolution
		SolutionGuid = {8A879131-2BB8-4A4F-881E-C9764195BC8B}
	EndGlobalSection
EndGlobal
